// !$*UTF8*$!
{
	archiveVersion = 1;
	classes = {
	};
	objectVersion = 77;
	objects = {

/* Begin PBXBuildFile section */
		994139B02F298E6800A7A818 /* Inject in Frameworks */ = {isa = PBXBuildFile; productRef = 994139AF2F298E6800A7A818 /* Inject */; };
		TracktidesBuildFile001 /* TracktidesApp.swift in Sources */ = {isa = PBXBuildFile; fileRef = TracktideSourceFile001 /* TracktidesApp.swift */; };
		TracktidesBuildFile002 /* ContentView.swift in Sources */ = {isa = PBXBuildFile; fileRef = TracktideSourceFile002 /* ContentView.swift */; };
		TracktidesBuildFile003 /* Assets.xcassets in Resources */ = {isa = PBXBuildFile; fileRef = TracktideSourceFile003 /* Assets.xcassets */; };
		TracktidesBuildFile004 /* Preview Assets.xcassets in Resources */ = {isa = PBXBuildFile; fileRef = TracktideSourceFile004 /* Preview Assets.xcassets */; };
		TracktidesBuildFile005 /* PrivacyInfo.xcprivacy in Resources */ = {isa = PBXBuildFile; fileRef = TracktideSourceFile005 /* PrivacyInfo.xcprivacy */; };
		TracktidesBuildFile006 /* Tab.swift in Sources */ = {isa = PBXBuildFile; fileRef = TracktideSourceFile006 /* Tab.swift */; };
		TracktidesBuildFile007 /* WeekDay.swift in Sources */ = {isa = PBXBuildFile; fileRef = TracktideSourceFile007 /* WeekDay.swift */; };
		TracktidesBuildFile008 /* ArrayExtensions.swift in Sources */ = {isa = PBXBuildFile; fileRef = TracktideSourceFile008 /* ArrayExtensions.swift */; };
		TracktidesBuildFile009 /* HomeView.swift in Sources */ = {isa = PBXBuildFile; fileRef = TracktideSourceFile009 /* HomeView.swift */; };
		TracktidesBuildFile016 /* ProfileView.swift in Sources */ = {isa = PBXBuildFile; fileRef = TracktideSourceFile016 /* ProfileView.swift */; };
		TracktidesBuildFile020 /* SettingsViews.swift in Sources */ = {isa = PBXBuildFile; fileRef = TracktideSourceFile020 /* SettingsViews.swift */; };
		TracktidesBuildFile021 /* AddShotView.swift in Sources */ = {isa = PBXBuildFile; fileRef = TracktideSourceFile021 /* AddShotView.swift */; };
/* End PBXBuildFile section */

/* Begin PBXFileReference section */
		TracktideApp /* tracktides.app */ = {isa = PBXFileReference; explicitFileType = wrapper.application; includeInIndex = 0; path = tracktides.app; sourceTree = BUILT_PRODUCTS_DIR; };
		TracktideSourceFile001 /* TracktidesApp.swift */ = {isa = PBXFileReference; lastKnownFileType = sourcecode.swift; path = TracktidesApp.swift; sourceTree = "<group>"; };
		TracktideSourceFile002 /* ContentView.swift */ = {isa = PBXFileReference; lastKnownFileType = sourcecode.swift; path = ContentView.swift; sourceTree = "<group>"; };
		TracktideSourceFile003 /* Assets.xcassets */ = {isa = PBXFileReference; lastKnownFileType = folder.assetcatalog; path = Assets.xcassets; sourceTree = "<group>"; };
		TracktideSourceFile004 /* Preview Assets.xcassets */ = {isa = PBXFileReference; lastKnownFileType = folder.assetcatalog; path = "Preview Assets.xcassets"; sourceTree = "<group>"; };
		TracktideSourceFile005 /* PrivacyInfo.xcprivacy */ = {isa = PBXFileReference; lastKnownFileType = text.xml; path = PrivacyInfo.xcprivacy; sourceTree = "<group>"; };
		TracktideSourceFile006 /* Tab.swift */ = {isa = PBXFileReference; lastKnownFileType = sourcecode.swift; path = Tab.swift; sourceTree = "<group>"; };
		TracktideSourceFile007 /* WeekDay.swift */ = {isa = PBXFileReference; lastKnownFileType = sourcecode.swift; path = WeekDay.swift; sourceTree = "<group>"; };
		TracktideSourceFile008 /* ArrayExtensions.swift */ = {isa = PBXFileReference; lastKnownFileType = sourcecode.swift; path = ArrayExtensions.swift; sourceTree = "<group>"; };
		TracktideSourceFile009 /* HomeView.swift */ = {isa = PBXFileReference; lastKnownFileType = sourcecode.swift; path = HomeView.swift; sourceTree = "<group>"; };
		TracktideSourceFile016 /* ProfileView.swift */ = {isa = PBXFileReference; lastKnownFileType = sourcecode.swift; path = ProfileView.swift; sourceTree = "<group>"; };
		TracktideSourceFile020 /* SettingsViews.swift */ = {isa = PBXFileReference; lastKnownFileType = sourcecode.swift; path = SettingsViews.swift; sourceTree = "<group>"; };
		TracktideSourceFile021 /* AddShotView.swift */ = {isa = PBXFileReference; lastKnownFileType = sourcecode.swift; path = AddShotView.swift; sourceTree = "<group>"; };
/* End PBXFileReference section */

/* Begin PBXFrameworksBuildPhase section */
		TracktideFrameworks /* Frameworks */ = {
			isa = PBXFrameworksBuildPhase;
			buildActionMask = 2147483647;
			files = (
				994139B02F298E6800A7A818 /* Inject in Frameworks */,
			);
			runOnlyForDeploymentPostprocessing = 0;
		};
/* End PBXFrameworksBuildPhase section */

/* Begin PBXGroup section */
		TracktideGroup /* tracktides */ = {
			isa = PBXGroup;
			children = (
				TracktideSourceFile001 /* TracktidesApp.swift */,
				TracktideSourceFile002 /* ContentView.swift */,
				TracktideModelsGroup /* Models */,
				TracktideHomeGroup /* Home */,
				TracktideProfileGroup /* Profile */,
				TracktidesheetsGroup /* Sheets */,
				TracktideSourceFile003 /* Assets.xcassets */,
				TracktideSourceFile005 /* PrivacyInfo.xcprivacy */,
				TracktidePreviewGroup /* Preview Content */,
			);
			path = tracktides;
			sourceTree = "<group>";
		};
		TracktideMainGroup = {
			isa = PBXGroup;
			children = (
				TracktideGroup /* tracktides */,
				TracktideProducts /* Products */,
			);
			sourceTree = "<group>";
		};
		TracktidePreviewGroup /* Preview Content */ = {
			isa = PBXGroup;
			children = (
				TracktideSourceFile004 /* Preview Assets.xcassets */,
			);
			path = "Preview Content";
			sourceTree = "<group>";
		};
		TracktideProducts /* Products */ = {
			isa = PBXGroup;
			children = (
				TracktideApp /* tracktides.app */,
			);
			name = Products;
			sourceTree = "<group>";
		};
		TracktideModelsGroup /* Models */ = {
			isa = PBXGroup;
			children = (
				TracktideSourceFile006 /* Tab.swift */,
				TracktideSourceFile007 /* WeekDay.swift */,
				TracktideSourceFile008 /* ArrayExtensions.swift */,
			);
			path = Models;
			sourceTree = "<group>";
		};
		TracktideHomeGroup /* Home */ = {
			isa = PBXGroup;
			children = (
				TracktideSourceFile009 /* HomeView.swift */,
			);
			path = Home;
			sourceTree = "<group>";
		};
		TracktideProfileGroup /* Profile */ = {
			isa = PBXGroup;
			children = (
				TracktideSourceFile016 /* ProfileView.swift */,
			);
			path = Profile;
			sourceTree = "<group>";
		};
		TracktidesheetsGroup /* Sheets */ = {
			isa = PBXGroup;
			children = (
				TracktideSourceFile020 /* SettingsViews.swift */,
				TracktideSourceFile021 /* AddShotView.swift */,
			);
			path = Sheets;
			sourceTree = "<group>";
		};
/* End PBXGroup section */

/* Begin PBXNativeTarget section */
		TracktideTarget /* tracktides */ = {
			isa = PBXNativeTarget;
			buildConfigurationList = TracktideConfigList /* Build configuration list for PBXNativeTarget "tracktides" */;
			buildPhases = (
				TracktideSourcesBuildPhase /* Sources */,
				TracktideFrameworks /* Frameworks */,
				TracktideResourcesBuildPhase /* Resources */,
			);
			buildRules = (
			);
			dependencies = (
			);
			name = tracktides;
			productName = tracktides;
			productReference = TracktideApp /* tracktides.app */;
			productType = "com.apple.product-type.application";
		};
/* End PBXNativeTarget section */

/* Begin PBXProject section */
		TracktideProject /* Project object */ = {
			isa = PBXProject;
			attributes = {
				BuildIndependentTargetsInParallel = 1;
				LastSwiftUpdateCheck = 1600;
				LastUpgradeCheck = 1600;
				TargetAttributes = {
					TracktideTarget = {
						CreatedOnToolsVersion = 16.0;
					};
				};
			};
			buildConfigurationList = TracktideProjectConfigList /* Build configuration list for PBXProject "tracktides" */;
			developmentRegion = en;
			hasScannedForEncodings = 0;
			knownRegions = (
				en,
				Base,
			);
			mainGroup = TracktideMainGroup;
			minimizedProjectReferenceProxies = 1;
			packageReferences = (
				994139AE2F298E6800A7A818 /* XCRemoteSwiftPackageReference "Inject" */,
			);
			preferredProjectObjectVersion = 77;
			productRefGroup = TracktideProducts /* Products */;
			projectDirPath = "";
			projectRoot = "";
			targets = (
				TracktideTarget /* tracktides */,
			);
		};
/* End PBXProject section */

/* Begin PBXResourcesBuildPhase section */
		TracktideResourcesBuildPhase /* Resources */ = {
			isa = PBXResourcesBuildPhase;
			buildActionMask = 2147483647;
			files = (
				TracktidesBuildFile004 /* Preview Assets.xcassets in Resources */,
				TracktidesBuildFile003 /* Assets.xcassets in Resources */,
				TracktidesBuildFile005 /* PrivacyInfo.xcprivacy in Resources */,
			);
			runOnlyForDeploymentPostprocessing = 0;
		};
/* End PBXResourcesBuildPhase section */

/* Begin PBXSourcesBuildPhase section */
		TracktideSourcesBuildPhase /* Sources */ = {
			isa = PBXSourcesBuildPhase;
			buildActionMask = 2147483647;
			files = (
				TracktidesBuildFile002 /* ContentView.swift in Sources */,
				TracktidesBuildFile001 /* TracktidesApp.swift in Sources */,
				TracktidesBuildFile006 /* Tab.swift in Sources */,
				TracktidesBuildFile007 /* WeekDay.swift in Sources */,
				TracktidesBuildFile008 /* ArrayExtensions.swift in Sources */,
				TracktidesBuildFile009 /* HomeView.swift in Sources */,
				TracktidesBuildFile016 /* ProfileView.swift in Sources */,
				TracktidesBuildFile020 /* SettingsViews.swift in Sources */,
				TracktidesBuildFile021 /* AddShotView.swift in Sources */,
			);
			runOnlyForDeploymentPostprocessing = 0;
		};
/* End PBXSourcesBuildPhase section */

/* Begin XCBuildConfiguration section */
		TracktideDebugConfig /* Debug */ = {
			isa = XCBuildConfiguration;
			buildSettings = {
				ASSETCATALOG_COMPILER_APPICON_NAME = AppIcon;
				ASSETCATALOG_COMPILER_GLOBAL_ACCENT_COLOR_NAME = AccentColor;
				CODE_SIGN_STYLE = Automatic;
				CURRENT_PROJECT_VERSION = 1;
				DEVELOPMENT_ASSET_PATHS = "\"tracktides/Preview Content\"";
				DEVELOPMENT_TEAM = 2VYXS4APM6;
				ENABLE_PREVIEWS = YES;
				GENERATE_INFOPLIST_FILE = YES;
				INFOPLIST_KEY_CFBundleDisplayName = Tracktides;
				INFOPLIST_KEY_UIApplicationSceneManifest_Generation = YES;
				INFOPLIST_KEY_UIApplicationSupportsIndirectInputEvents = YES;
				INFOPLIST_KEY_UILaunchScreen_Generation = YES;
				INFOPLIST_KEY_UISupportedInterfaceOrientations_iPad = "UIInterfaceOrientationPortrait UIInterfaceOrientationPortraitUpsideDown UIInterfaceOrientationLandscapeLeft UIInterfaceOrientationLandscapeRight";
				INFOPLIST_KEY_UISupportedInterfaceOrientations_iPhone = "UIInterfaceOrientationPortrait UIInterfaceOrientationLandscapeLeft UIInterfaceOrientationLandscapeRight";
				IPHONEOS_DEPLOYMENT_TARGET = 26.0;
				LD_RUNPATH_SEARCH_PATHS = (
					"$(inherited)",
					"@executable_path/Frameworks",
				);
				MARKETING_VERSION = 1.0;
				PRODUCT_BUNDLE_IDENTIFIER = com.tracktides.app;
				PRODUCT_NAME = "$(TARGET_NAME)";
				SWIFT_EMIT_LOC_STRINGS = YES;
				SWIFT_STRICT_CONCURRENCY = complete;
				SWIFT_TREAT_WARNINGS_AS_ERRORS = YES;
				SWIFT_VERSION = 6.0;
				TARGETED_DEVICE_FAMILY = "1,2";
			};
			name = Debug;
		};
		TracktideProjectDebugConfig /* Debug */ = {
			isa = XCBuildConfiguration;
			buildSettings = {
				ALWAYS_SEARCH_USER_PATHS = NO;
				ASSETCATALOG_COMPILER_GENERATE_SWIFT_ASSET_SYMBOL_EXTENSIONS = YES;
				CLANG_ANALYZER_NONNULL = YES;
				CLANG_ANALYZER_NUMBER_OBJECT_CONVERSION = YES_AGGRESSIVE;
				CLANG_CXX_LANGUAGE_STANDARD = "gnu++20";
				CLANG_ENABLE_MODULES = YES;
				CLANG_ENABLE_OBJC_ARC = YES;
				CLANG_ENABLE_OBJC_WEAK = YES;
				CLANG_WARN_BLOCK_CAPTURE_AUTORELEASING = YES;
				CLANG_WARN_BOOL_CONVERSION = YES;
				CLANG_WARN_COMMA = YES;
				CLANG_WARN_CONSTANT_CONVERSION = YES;
				CLANG_WARN_DEPRECATED_OBJC_IMPLEMENTATIONS = YES;
				CLANG_WARN_DIRECT_OBJC_ISA_USAGE = YES_ERROR;
				CLANG_WARN_DOCUMENTATION_COMMENTS = YES;
				CLANG_WARN_EMPTY_BODY = YES;
				CLANG_WARN_ENUM_CONVERSION = YES;
				CLANG_WARN_INFINITE_RECURSION = YES;
				CLANG_WARN_INT_CONVERSION = YES;
				CLANG_WARN_NON_LITERAL_NULL_CONVERSION = YES;
				CLANG_WARN_OBJC_IMPLICIT_RETAIN_SELF = YES;
				CLANG_WARN_OBJC_LITERAL_CONVERSION = YES;
				CLANG_WARN_OBJC_ROOT_CLASS = YES_ERROR;
				CLANG_WARN_QUOTED_INCLUDE_IN_FRAMEWORK_HEADER = YES;
				CLANG_WARN_RANGE_LOOP_ANALYSIS = YES;
				CLANG_WARN_STRICT_PROTOTYPES = YES;
				CLANG_WARN_SUSPICIOUS_MOVE = YES;
				CLANG_WARN_UNGUARDED_AVAILABILITY = YES_AGGRESSIVE;
				CLANG_WARN_UNREACHABLE_CODE = YES;
				CLANG_WARN__DUPLICATE_METHOD_MATCH = YES;
				COPY_PHASE_STRIP = NO;
				DEBUG_INFORMATION_FORMAT = dwarf;
				ENABLE_STRICT_OBJC_MSGSEND = YES;
				ENABLE_TESTABILITY = YES;
				ENABLE_USER_SCRIPT_SANDBOXING = YES;
				GCC_C_LANGUAGE_STANDARD = gnu17;
				GCC_DYNAMIC_NO_PIC = NO;
				GCC_NO_COMMON_BLOCKS = YES;
				GCC_OPTIMIZATION_LEVEL = 0;
				GCC_PREPROCESSOR_DEFINITIONS = (
					"DEBUG=1",
					"$(inherited)",
				);
				GCC_WARN_64_TO_32_BIT_CONVERSION = YES;
				GCC_WARN_ABOUT_RETURN_TYPE = YES_ERROR;
				GCC_WARN_UNDECLARED_SELECTOR = YES;
				GCC_WARN_UNINITIALIZED_AUTOS = YES_AGGRESSIVE;
				GCC_WARN_UNUSED_FUNCTION = YES;
				GCC_WARN_UNUSED_VARIABLE = YES;
				IPHONEOS_DEPLOYMENT_TARGET = 26.0;
				LOCALIZATION_PREFERS_STRING_CATALOGS = YES;
				MTL_ENABLE_DEBUG_INFO = INCLUDE_SOURCE;
				MTL_FAST_MATH = YES;
				ONLY_ACTIVE_ARCH = YES;
				SDKROOT = iphoneos;
				SWIFT_ACTIVE_COMPILATION_CONDITIONS = "DEBUG $(inherited)";
				SWIFT_OPTIMIZATION_LEVEL = "-Onone";
			};
			name = Debug;
		};
		TracktideProjectReleaseConfig /* Release */ = {
			isa = XCBuildConfiguration;
			buildSettings = {
				ALWAYS_SEARCH_USER_PATHS = NO;
				ASSETCATALOG_COMPILER_GENERATE_SWIFT_ASSET_SYMBOL_EXTENSIONS = YES;
				CLANG_ANALYZER_NONNULL = YES;
				CLANG_ANALYZER_NUMBER_OBJECT_CONVERSION = YES_AGGRESSIVE;
				CLANG_CXX_LANGUAGE_STANDARD = "gnu++20";
				CLANG_ENABLE_MODULES = YES;
				CLANG_ENABLE_OBJC_ARC = YES;
				CLANG_ENABLE_OBJC_WEAK = YES;
				CLANG_WARN_BLOCK_CAPTURE_AUTORELEASING = YES;
				CLANG_WARN_BOOL_CONVERSION = YES;
				CLANG_WARN_COMMA = YES;
				CLANG_WARN_CONSTANT_CONVERSION = YES;
				CLANG_WARN_DEPRECATED_OBJC_IMPLEMENTATIONS = YES;
				CLANG_WARN_DIRECT_OBJC_ISA_USAGE = YES_ERROR;
				CLANG_WARN_DOCUMENTATION_COMMENTS = YES;
				CLANG_WARN_EMPTY_BODY = YES;
				CLANG_WARN_ENUM_CONVERSION = YES;
				CLANG_WARN_INFINITE_RECURSION = YES;
				CLANG_WARN_INT_CONVERSION = YES;
				CLANG_WARN_NON_LITERAL_NULL_CONVERSION = YES;
				CLANG_WARN_OBJC_IMPLICIT_RETAIN_SELF = YES;
				CLANG_WARN_OBJC_LITERAL_CONVERSION = YES;
				CLANG_WARN_OBJC_ROOT_CLASS = YES_ERROR;
				CLANG_WARN_QUOTED_INCLUDE_IN_FRAMEWORK_HEADER = YES;
				CLANG_WARN_RANGE_LOOP_ANALYSIS = YES;
				CLANG_WARN_STRICT_PROTOTYPES = YES;
				CLANG_WARN_SUSPICIOUS_MOVE = YES;
				CLANG_WARN_UNGUARDED_AVAILABILITY = YES_AGGRESSIVE;
				CLANG_WARN_UNREACHABLE_CODE = YES;
				CLANG_WARN__DUPLICATE_METHOD_MATCH = YES;
				COPY_PHASE_STRIP = NO;
				DEBUG_INFORMATION_FORMAT = "dwarf-with-dsym";
				ENABLE_NS_ASSERTIONS = NO;
				ENABLE_STRICT_OBJC_MSGSEND = YES;
				ENABLE_USER_SCRIPT_SANDBOXING = YES;
				GCC_C_LANGUAGE_STANDARD = gnu17;
				GCC_NO_COMMON_BLOCKS = YES;
				GCC_WARN_64_TO_32_BIT_CONVERSION = YES;
				GCC_WARN_ABOUT_RETURN_TYPE = YES_ERROR;
				GCC_WARN_UNDECLARED_SELECTOR = YES;
				GCC_WARN_UNINITIALIZED_AUTOS = YES_AGGRESSIVE;
				GCC_WARN_UNUSED_FUNCTION = YES;
				GCC_WARN_UNUSED_VARIABLE = YES;
				IPHONEOS_DEPLOYMENT_TARGET = 26.0;
				LOCALIZATION_PREFERS_STRING_CATALOGS = YES;
				MTL_ENABLE_DEBUG_INFO = NO;
				MTL_FAST_MATH = YES;
				SDKROOT = iphoneos;
				SWIFT_COMPILATION_MODE = wholemodule;
				VALIDATE_PRODUCT = YES;
			};
			name = Release;
		};
		TracktideReleaseConfig /* Release */ = {
			isa = XCBuildConfiguration;
			buildSettings = {
				ASSETCATALOG_COMPILER_APPICON_NAME = AppIcon;
				ASSETCATALOG_COMPILER_GLOBAL_ACCENT_COLOR_NAME = AccentColor;
				CODE_SIGN_STYLE = Automatic;
				CURRENT_PROJECT_VERSION = 1;
				DEVELOPMENT_ASSET_PATHS = "\"tracktides/Preview Content\"";
				DEVELOPMENT_TEAM = 2VYXS4APM6;
				ENABLE_PREVIEWS = YES;
				GENERATE_INFOPLIST_FILE = YES;
				INFOPLIST_KEY_CFBundleDisplayName = Tracktides;
				INFOPLIST_KEY_UIApplicationSceneManifest_Generation = YES;
				INFOPLIST_KEY_UIApplicationSupportsIndirectInputEvents = YES;
				INFOPLIST_KEY_UILaunchScreen_Generation = YES;
				INFOPLIST_KEY_UISupportedInterfaceOrientations_iPad = "UIInterfaceOrientationPortrait UIInterfaceOrientationPortraitUpsideDown UIInterfaceOrientationLandscapeLeft UIInterfaceOrientationLandscapeRight";
				INFOPLIST_KEY_UISupportedInterfaceOrientations_iPhone = "UIInterfaceOrientationPortrait UIInterfaceOrientationLandscapeLeft UIInterfaceOrientationLandscapeRight";
				IPHONEOS_DEPLOYMENT_TARGET = 26.0;
				LD_RUNPATH_SEARCH_PATHS = (
					"$(inherited)",
					"@executable_path/Frameworks",
				);
				MARKETING_VERSION = 1.0;
				PRODUCT_BUNDLE_IDENTIFIER = com.tracktides.app;
				PRODUCT_NAME = "$(TARGET_NAME)";
				SWIFT_EMIT_LOC_STRINGS = YES;
				SWIFT_STRICT_CONCURRENCY = complete;
				SWIFT_TREAT_WARNINGS_AS_ERRORS = YES;
				SWIFT_VERSION = 6.0;
				TARGETED_DEVICE_FAMILY = "1,2";
			};
			name = Release;
		};
/* End XCBuildConfiguration section */

/* Begin XCConfigurationList section */
		TracktideConfigList /* Build configuration list for PBXNativeTarget "tracktides" */ = {
			isa = XCConfigurationList;
			buildConfigurations = (
				TracktideDebugConfig /* Debug */,
				TracktideReleaseConfig /* Release */,
			);
			defaultConfigurationIsVisible = 0;
			defaultConfigurationName = Release;
		};
		TracktideProjectConfigList /* Build configuration list for PBXProject "tracktides" */ = {
			isa = XCConfigurationList;
			buildConfigurations = (
				TracktideProjectDebugConfig /* Debug */,
				TracktideProjectReleaseConfig /* Release */,
			);
			defaultConfigurationIsVisible = 0;
			defaultConfigurationName = Release;
		};
/* End XCConfigurationList section */

/* Begin XCRemoteSwiftPackageReference section */
		994139AE2F298E6800A7A818 /* XCRemoteSwiftPackageReference "Inject" */ = {
			isa = XCRemoteSwiftPackageReference;
			repositoryURL = "https://github.com/krzysztofzablocki/Inject.git";
			requirement = {
				kind = upToNextMajorVersion;
				minimumVersion = 1.5.2;
			};
		};
/* End XCRemoteSwiftPackageReference section */

/* Begin XCSwiftPackageProductDependency section */
		994139AF2F298E6800A7A818 /* Inject */ = {
			isa = XCSwiftPackageProductDependency;
			package = 994139AE2F298E6800A7A818 /* XCRemoteSwiftPackageReference "Inject" */;
			productName = Inject;
		};
/* End XCSwiftPackageProductDependency section */
	};
	rootObject = TracktideProject /* Project object */;
}
